
Microsoft Visual Studio Solution File, Format Version 12.00
# Visual Studio Version 16
VisualStudioVersion = 16.0.31424.327
MinimumVisualStudioVersion = 10.0.40219.1
Project("{FAE04EC0-301F-11D3-BF4B-00C04F79EFBC}") = "Login 2", "Login 2\Login 2.csproj", "{8E357337-FCB1-4842-BB59-FB5A855F542C}"
EndProject
Global
	GlobalSection(SolutionConfigurationPlatforms) = preSolution
		Debug|Any CPU = Debug|Any CPU
		Release|Any CPU = Release|Any CPU
	EndGlobalSection
	GlobalSection(ProjectConfigurationPlatforms) = postSolution
		{8E357337-FCB1-4842-BB59-FB5A855F542C}.Debug|Any CPU.ActiveCfg = Debug|Any CPU
		{8E357337-FCB1-4842-BB59-FB5A855F542C}.Debug|Any CPU.Build.0 = Debug|Any CPU
		{8E357337-FCB1-4842-BB59-FB5A855F542C}.Release|Any CPU.ActiveCfg = Release|Any CPU
		{8E357337-FCB1-4842-BB59-FB5A855F542C}.Release|Any CPU.Build.0 = Release|Any CPU
	EndGlobalSection
	GlobalSection(SolutionProperties) = preSolution
		HideSolutionNode = FALSE
	EndGlobalSection
	GlobalSection(ExtensibilityGlobals) = postSolution
		SolutionGuid = {1858FC5C-15A6-40BD-9FCA-AD486F8CE9AC}
	EndGlobalSection
EndGlobal
